app:
  python: "3.13.3"
  fastapi: "0.133.1"
  uvicorn: "0.41.0"
  sqlalchemy: "2.0.51"
  pydantic: "2.12.5"
  httpx: "0.28.1"
comfyui:
  repository: "https://github.com/Comfy-Org/ComfyUI"
  commit: "cbbc9dab1f03d0d9a6caa8a8be7d77a7e37e1e44"
  version: "0.31.0"
  python: "3.12.4"
  torch: "2.13.0+cu126"
  cuda_runtime: "12.6"
  launch_args: "main.py --listen 127.0.0.1 --port 8188 --disable-auto-launch"
ollama:
  version: "0.32.3"
  model: "qwen2.5:0.5b"
qwen3_tts:
  repository: "https://github.com/QwenLM/Qwen3-TTS"
  package: "qwen-tts==0.1.1"
  model_repository: "Qwen/Qwen3-TTS-12Hz-0.6B-Base"
  model_commit: "5d83992436eae1d760afd27aff78a71d676296fc"
  model: "E:/LocalDramaAI/Models/Qwen3-TTS-12Hz-0.6B-Base"
  model_sha256: "180b3b10eb1c9f1b4db7806d5475bae3071c0243c299d49926bab1da3b6946f6"
  tokenizer_commit: "7dd38ad4e9bad454aae9cd937d0cd577604fe229"
  tokenizer_sha256: "836b7b357f5ea43e889936a3709af68dfe3751881acefe4ecf0dbd30ba571258"
  python: "3.12.4"
  torch: "2.13.0+cu126"
  cuda_runtime: "12.6"
  transformers: "4.57.3"
  accelerate: "1.12.0"
  launch_args: "-m uvicorn ai_services.qwen3_tts.service:app --host 127.0.0.1 --port 8020"
musetalk:
  repository: "https://github.com/TMElyralab/MuseTalk.git"
  path: "E:/LocalDramaAI/MuseTalk"
  commit_or_release: "0a89dec45a0192b824e3cf4daf96c239440c5ed8"
  model_version: "1.5"
  python: "3.10.11"
  python_executable: "E:/LocalDramaAI/env-musetalk/Scripts/python.exe"
  torch: "2.0.1+cu118"
  torchvision: "0.15.2+cu118"
  torchaudio: "2.0.2+cu118"
  cuda_runtime: "11.8"
  mmcv: "2.0.1"
  mmdet: "3.1.0"
  mmengine: "0.10.7"
  mmpose: "1.1.0"
  diffusers: "0.30.2"
  transformers: "4.39.2"
  opencv: "4.9.0"
  service_dependencies:
    fastapi: "0.133.1"
    pydantic: "2.11.10"
    pyyaml: "6.0.3"
    rich: "13.4.2"
    typer: "0.15.4"
    uvicorn: "0.41.0"
  model_hash_manifest: "E:/LocalDramaAI/MuseTalk/models/model-hashes.json"
  model_hash_manifest_sha256: "f6706e3e0084d1eb05b11b0c38efa874f1eb98545f8d8413668a6c82b4219159"
  service_launch_args: "-m uvicorn ai_services.musetalk.service:app --app-dir <project-root> --host 127.0.0.1 --port 8030 --no-access-log"
  inference_launch_args: "-m scripts.inference --inference_config <job>/task.yaml --result_dir <job>/results --unet_model_path models/musetalkV15/unet.pth --unet_config models/musetalkV15/musetalk.json --version v15 --use_float16 --batch_size 4 --extra_margin 10 --parsing_mode jaw --left_cheek_width 90 --right_cheek_width 90 --ffmpeg_path <ffmpeg-bin>"
  output_profile: "640x368, 70 frames, 25 fps, H.264/yuv420p, AAC mono 16 kHz"
ffmpeg:
  version: "8.1-full_build-www.gyan.dev"
  executable: "C:/Users/Juan He/scoop/shims/ffmpeg.exe"
  font: "C:/Windows/Fonts/msyh.ttc"
  font_sha256: "d79c55e68b1131eea0cc1c47be4f572d964f28c682e143db2ad09c1e4cb07a3f"
  phase9_profile: "H.264/yuv420p 640x368 25 CFR, libx264 medium CRF18 GOP50; AAC-LC 48 kHz stereo 192k; Microsoft YaHei 22px"
wan_video:
  workflow: "wan22_i2v_5b_api"
  model: "E:/LocalDramaAI/model-staging-wan22/main/split_files/diffusion_models/wan2.2_ti2v_5B_fp16.safetensors"
  model_sha256: "456f901338bd9eadbded3828b819109a9b68e8a525ca5cf8d0049a69fcfeca1e"
  vae: "E:/LocalDramaAI/ComfyUI/models/vae/wan2.2_vae.safetensors"
  vae_sha256: "e40321bd36b9709991dae2530eb4ac303dd168276980d3e9bc4b6e2b75fed156"
  text_encoder: "E:/LocalDramaAI/model-staging-wan22/text/split_files/text_encoders/umt5_xxl_fp8_e4m3fn_scaled.safetensors"
  text_encoder_sha256: "c3355d30191f1f066b26d93fba017ae9809dce6c627dda5f6a66eaa651204f68"
  profile: "640x368, 49 frames, 16 fps"
verification:
  phase: "9"
  comfyui_verified: true
  phase3_image: "E:/LocalDramaAI/Storage/phase3/phase3_smoke_00002_.png"
  phase4_master: "E:/LocalDramaAI/Storage/phase4/1786252381/characters/master_00001_.png"
  phase4_storyboards:
    - "E:/LocalDramaAI/Storage/phase4/1786252381/storyboards/7f54fb7f-aa4c-43aa-abba-859a370ca324_00001_.png"
    - "E:/LocalDramaAI/Storage/phase4/1786252381/storyboards/f22792b6-33ed-437d-be38-d73124ed84cc_00001_.png"
  phase5_video: "E:/kang/github/Movie/artifacts/phase5/1786277293/phase5_00002_.mp4"
  phase5_video_sha256: "8382967b7b092afa3a1948d1374b0e94496db7bf90c83c0233af7c57ee10b87e"
  phase5_database: "E:/kang/github/Movie/.runtime/phase5/phase5-smoke-1786277293.db"
  phase6_audio: "E:/kang/github/Movie/artifacts/phase6/1786296246/2c52e8d6-5b98-4c42-86fa-42831efdb38f.wav"
  phase6_audio_sha256: "ea83c367656f532c9d790b6f7415ffcd6568562a13d86b757e0fb144d0966eb9"
  phase6_database: "E:/kang/github/Movie/.runtime/phase6/phase6-smoke-1786296246.db"
  phase7_audio: "E:/kang/github/Movie/artifacts/phase7/1786342910/audio/79002d71-d985-4658-aa8e-f30731dc0291.wav"
  phase7_video: "E:/kang/github/Movie/artifacts/phase7/1786342910/video/0753ed98-8ccc-4c4c-99dc-f9fc96b822ac_00001_.mp4"
  phase7_video_sha256: "009cf772e2ba8f36604cc7f72c6799c15f093699aecb51c8cbea89f1db9a95f6"
  phase7_database: "E:/kang/github/Movie/.runtime/phase7/phase7-smoke-1786342910.db"
  phase8_lipsync: "E:/kang/github/Movie/artifacts/phase8/20260812-205621-fad213b5/output/musetalk-e0eac769dadc4242ae8b6ac2f9ea55ab.mp4"
  phase8_lipsync_sha256: "58029ed0c9f539daed13faf643fba3c03f0c93e23d2814bfd36a44c144d09f98"
  phase8_database: "E:/kang/github/Movie/.runtime/phase8/phase8-smoke-20260812-205621-fad213b5.db"
  phase8_database_sha256: "cef43b757f2531d3520eda9c27820161f5e23638c7333083b98ddcb0235ae35a"
  phase8_provider_manifest: "E:/kang/github/Movie/artifacts/phase8/20260812-205621-fad213b5/output/musetalk-e0eac769dadc4242ae8b6ac2f9ea55ab.manifest.json"
  phase8_provider_manifest_sha256: "28018ec070920c7e51b19ff840a0622200d5f6f26b3d3152ae727648e10c6777"
  phase8_evidence: "E:/kang/github/Movie/artifacts/phase8/20260812-205621-fad213b5/evidence.json"
  phase8_evidence_sha256: "2a1ed6908ed16ac95eb062a1e0208f964045bc921f7b00343015f9901f9fecaf"
  phase8_resources: "E:/kang/github/Movie/artifacts/phase8/20260812-205621-fad213b5/resources.json"
  phase8_resources_sha256: "10033ca082f985a99cc62cd866e54b40b1f9983f8ba4d4e2401957ae93c166bc"
  phase8_visual_review: "approved"
  phase9_run_id: "20260812-final-v3"
  phase9_code_commit: "a8a7d8c89efa7542df85d87efa38797693d1eb5c"
  phase9_output: "E:/kang/github/Movie/artifacts/phase9/20260812-final-v3/storage/projects/7700eb1d-9798-4960-9f13-c79ca30b2dba/render/b0c919f6-8e32-4a4b-a88c-416df575c4bf.mp4"
  phase9_output_sha256: "b5c2bb824e8485530191ec4daed59b80d8855c415678424a31f8558f9a7a0a45"
  phase9_alias: "E:/kang/github/Movie/artifacts/phase9/20260812-final-v3/storage/projects/7700eb1d-9798-4960-9f13-c79ca30b2dba/output/final.mp4"
  phase9_subtitle: "E:/kang/github/Movie/artifacts/phase9/20260812-final-v3/storage/projects/7700eb1d-9798-4960-9f13-c79ca30b2dba/subtitles/b0c919f6-8e32-4a4b-a88c-416df575c4bf.srt"
  phase9_subtitle_sha256: "6bf1a9593614ea9dba466b055f457eb3533e9497e7ab3ab4d851b0782194f828"
  phase9_database: "E:/kang/github/Movie/.runtime/phase9/phase9-smoke-20260812-final-v3.db"
  phase9_database_sha256: "1325dc40fcdb00f89e7dba021bcd7f49784c0fbaf75485e8edd46f790ac88bce"
  phase9_provider_manifest: "E:/kang/github/Movie/artifacts/phase9/20260812-final-v3/storage/projects/7700eb1d-9798-4960-9f13-c79ca30b2dba/manifests/b0c919f6-8e32-4a4b-a88c-416df575c4bf.json"
  phase9_provider_manifest_sha256: "189dd569cbc7a4836cd5752777688f37fd44ec62993785e834b49ab3c6ebef12"
  phase9_evidence: "E:/kang/github/Movie/artifacts/phase9/20260812-final-v3/evidence.json"
  phase9_evidence_sha256: "ed45a6e3b94d7b91bb537bc6a17834acd56ae99973c9da9453082d885d039a9d"
  phase9_resources: "E:/kang/github/Movie/artifacts/phase9/20260812-final-v3/resources.json"
  phase9_resources_sha256: "1cf37600b4179c0c04f8124deb317a00d7b7ddb619b0c798ddd9154a36c42a15"
  phase9_contact_sheet: "E:/kang/github/Movie/artifacts/phase9/20260812-final-v3/review/contact-sheet.png"
  phase9_contact_sheet_sha256: "f1053f0addc8da1c6d0ecfd086d2486ace85de7c8819e3b430ddac9c12421be7"
  phase9_alias_status: "READY"
  phase9_visual_review: "approved"
